
Microsoft Visual Studio Solution File, Format Version 12.00
# Visual Studio 15
VisualStudioVersion = 15.0.26730.12
MinimumVisualStudioVersion = 10.0.40219.1
Project("{FAE04EC0-301F-11D3-BF4B-00C04F79EFBC}") = "MCG2000", "MCG2000\MCG2000.csproj", "{459F6B28-91A5-43D7-AE2A-82EF979F805B}"
EndProject
Project("{FAE04EC0-301F-11D3-BF4B-00C04F79EFBC}") = "UnitTests", "UnitTests\UnitTests.csproj", "{EA1AC682-67C0-400E-82F0-3159027537A1}"
EndProject
Global
	GlobalSection(SolutionConfigurationPlatforms) = preSolution
		Debug|Any CPU = Debug|Any CPU
		Release|Any CPU = Release|Any CPU
	EndGlobalSection
	GlobalSection(ProjectConfigurationPlatforms) = postSolution
		{459F6B28-91A5-43D7-AE2A-82EF979F805B}.Debug|Any CPU.ActiveCfg = Debug|Any CPU
		{459F6B28-91A5-43D7-AE2A-82EF979F805B}.Debug|Any CPU.Build.0 = Debug|Any CPU
		{459F6B28-91A5-43D7-AE2A-82EF979F805B}.Release|Any CPU.ActiveCfg = Release|Any CPU
		{459F6B28-91A5-43D7-AE2A-82EF979F805B}.Release|Any CPU.Build.0 = Release|Any CPU
		{EA1AC682-67C0-400E-82F0-3159027537A1}.Debug|Any CPU.ActiveCfg = Debug|Any CPU
		{EA1AC682-67C0-400E-82F0-3159027537A1}.Debug|Any CPU.Build.0 = Debug|Any CPU
		{EA1AC682-67C0-400E-82F0-3159027537A1}.Release|Any CPU.ActiveCfg = Release|Any CPU
		{EA1AC682-67C0-400E-82F0-3159027537A1}.Release|Any CPU.Build.0 = Release|Any CPU
	EndGlobalSection
	GlobalSection(SolutionProperties) = preSolution
		HideSolutionNode = FALSE
	EndGlobalSection
	GlobalSection(ExtensibilityGlobals) = postSolution
		SolutionGuid = {325B49CC-C9FA-4479-9218-0E01BC1E10FA}
	EndGlobalSection
EndGlobal
